// !$*UTF8*$!
{
	archiveVersion = 1;
	classes = {
	};
	objectVersion = 56;
	objects = {

/* Begin PBXBuildFile section */
		6D86DE712BCD373C00E6311C /* MA23_MVVMApp.swift in Sources */ = {isa = PBXBuildFile; fileRef = 6D86DE702BCD373C00E6311C /* MA23_MVVMApp.swift */; };
		6D86DE732BCD373C00E6311C /* ContentView.swift in Sources */ = {isa = PBXBuildFile; fileRef = 6D86DE722BCD373C00E6311C /* ContentView.swift */; };
		6D86DE752BCD373E00E6311C /* Assets.xcassets in Resources */ = {isa = PBXBuildFile; fileRef = 6D86DE742BCD373E00E6311C /* Assets.xcassets */; };
		6D86DE782BCD373E00E6311C /* Preview Assets.xcassets in Resources */ = {isa = PBXBuildFile; fileRef = 6D86DE772BCD373E00E6311C /* Preview Assets.xcassets */; };
		6D86DE822BCD373E00E6311C /* MA23_MVVMTests.swift in Sources */ = {isa = PBXBuildFile; fileRef = 6D86DE812BCD373E00E6311C /* MA23_MVVMTests.swift */; };
		6D86DE8C2BCD373E00E6311C /* MA23_MVVMUITests.swift in Sources */ = {isa = PBXBuildFile; fileRef = 6D86DE8B2BCD373E00E6311C /* MA23_MVVMUITests.swift */; };
		6D86DE8E2BCD373E00E6311C /* MA23_MVVMUITestsLaunchTests.swift in Sources */ = {isa = PBXBuildFile; fileRef = 6D86DE8D2BCD373E00E6311C /* MA23_MVVMUITestsLaunchTests.swift */; };
		6D86DE9B2BCD385400E6311C /* User.swift in Sources */ = {isa = PBXBuildFile; fileRef = 6D86DE9A2BCD385400E6311C /* User.swift */; };
		6D86DE9D2BCD39F400E6311C /* UsersViewModel.swift in Sources */ = {isa = PBXBuildFile; fileRef = 6D86DE9C2BCD39F400E6311C /* UsersViewModel.swift */; };
		6D86DE9F2BCD695000E6311C /* UserDetailView.swift in Sources */ = {isa = PBXBuildFile; fileRef = 6D86DE9E2BCD695000E6311C /* UserDetailView.swift */; };
		6D86DEA12BCE55B500E6311C /* UserListView.swift in Sources */ = {isa = PBXBuildFile; fileRef = 6D86DEA02BCE55B500E6311C /* UserListView.swift */; };
		6D86DF132BCE72EF00E6311C /* CurrencyConverterView.swift in Sources */ = {isa = PBXBuildFile; fileRef = 6D86DF122BCE72EF00E6311C /* CurrencyConverterView.swift */; };
		6D86DF152BCEA27700E6311C /* CurrencyConverter.swift in Sources */ = {isa = PBXBuildFile; fileRef = 6D86DF142BCEA27700E6311C /* CurrencyConverter.swift */; };
		6D86DF172BCEA29F00E6311C /* currency.swift in Sources */ = {isa = PBXBuildFile; fileRef = 6D86DF162BCEA29F00E6311C /* currency.swift */; };
/* End PBXBuildFile section */

/* Begin PBXContainerItemProxy section */
		6D86DE7E2BCD373E00E6311C /* PBXContainerItemProxy */ = {
			isa = PBXContainerItemProxy;
			containerPortal = 6D86DE652BCD373C00E6311C /* Project object */;
			proxyType = 1;
			remoteGlobalIDString = 6D86DE6C2BCD373C00E6311C;
			remoteInfo = MA23_MVVM;
		};
		6D86DE882BCD373E00E6311C /* PBXContainerItemProxy */ = {
			isa = PBXContainerItemProxy;
			containerPortal = 6D86DE652BCD373C00E6311C /* Project object */;
			proxyType = 1;
			remoteGlobalIDString = 6D86DE6C2BCD373C00E6311C;
			remoteInfo = MA23_MVVM;
		};
/* End PBXContainerItemProxy section */

/* Begin PBXFileReference section */
		6D86DE6D2BCD373C00E6311C /* MA23_MVVM.app */ = {isa = PBXFileReference; explicitFileType = wrapper.application; includeInIndex = 0; path = MA23_MVVM.app; sourceTree = BUILT_PRODUCTS_DIR; };
		6D86DE702BCD373C00E6311C /* MA23_MVVMApp.swift */ = {isa = PBXFileReference; lastKnownFileType = sourcecode.swift; path = MA23_MVVMApp.swift; sourceTree = "<group>"; };
		6D86DE722BCD373C00E6311C /* ContentView.swift */ = {isa = PBXFileReference; lastKnownFileType = sourcecode.swift; path = ContentView.swift; sourceTree = "<group>"; };
		6D86DE742BCD373E00E6311C /* Assets.xcassets */ = {isa = PBXFileReference; lastKnownFileType = folder.assetcatalog; path = Assets.xcassets; sourceTree = "<group>"; };
		6D86DE772BCD373E00E6311C /* Preview Assets.xcassets */ = {isa = PBXFileReference; lastKnownFileType = folder.assetcatalog; path = "Preview Assets.xcassets"; sourceTree = "<group>"; };
		6D86DE7D2BCD373E00E6311C /* MA23_MVVMTests.xctest */ = {isa = PBXFileReference; explicitFileType = wrapper.cfbundle; includeInIndex = 0; path = MA23_MVVMTests.xctest; sourceTree = BUILT_PRODUCTS_DIR; };
		6D86DE812BCD373E00E6311C /* MA23_MVVMTests.swift */ = {isa = PBXFileReference; lastKnownFileType = sourcecode.swift; path = MA23_MVVMTests.swift; sourceTree = "<group>"; };
		6D86DE872BCD373E00E6311C /* MA23_MVVMUITests.xctest */ = {isa = PBXFileReference; explicitFileType = wrapper.cfbundle; includeInIndex = 0; path = MA23_MVVMUITests.xctest; sourceTree = BUILT_PRODUCTS_DIR; };
		6D86DE8B2BCD373E00E6311C /* MA23_MVVMUITests.swift */ = {isa = PBXFileReference; lastKnownFileType = sourcecode.swift; path = MA23_MVVMUITests.swift; sourceTree = "<group>"; };
		6D86DE8D2BCD373E00E6311C /* MA23_MVVMUITestsLaunchTests.swift */ = {isa = PBXFileReference; lastKnownFileType = sourcecode.swift; path = MA23_MVVMUITestsLaunchTests.swift; sourceTree = "<group>"; };
		6D86DE9A2BCD385400E6311C /* User.swift */ = {isa = PBXFileReference; lastKnownFileType = sourcecode.swift; path = User.swift; sourceTree = "<group>"; };
		6D86DE9C2BCD39F400E6311C /* UsersViewModel.swift */ = {isa = PBXFileReference; lastKnownFileType = sourcecode.swift; path = UsersViewModel.swift; sourceTree = "<group>"; };
		6D86DE9E2BCD695000E6311C /* UserDetailView.swift */ = {isa = PBXFileReference; lastKnownFileType = sourcecode.swift; path = UserDetailView.swift; sourceTree = "<group>"; };
		6D86DEA02BCE55B500E6311C /* UserListView.swift */ = {isa = PBXFileReference; lastKnownFileType = sourcecode.swift; path = UserListView.swift; sourceTree = "<group>"; };
		6D86DF122BCE72EF00E6311C /* CurrencyConverterView.swift */ = {isa = PBXFileReference; lastKnownFileType = sourcecode.swift; path = CurrencyConverterView.swift; sourceTree = "<group>"; };
		6D86DF142BCEA27700E6311C /* CurrencyConverter.swift */ = {isa = PBXFileReference; lastKnownFileType = sourcecode.swift; path = CurrencyConverter.swift; sourceTree = "<group>"; };
		6D86DF162BCEA29F00E6311C /* currency.swift */ = {isa = PBXFileReference; lastKnownFileType = sourcecode.swift; path = currency.swift; sourceTree = "<group>"; };
/* End PBXFileReference section */

/* Begin PBXFrameworksBuildPhase section */
		6D86DE6A2BCD373C00E6311C /* Frameworks */ = {
			isa = PBXFrameworksBuildPhase;
			buildActionMask = 2147483647;
			files = (
			);
			runOnlyForDeploymentPostprocessing = 0;
		};
		6D86DE7A2BCD373E00E6311C /* Frameworks */ = {
			isa = PBXFrameworksBuildPhase;
			buildActionMask = 2147483647;
			files = (
			);
			runOnlyForDeploymentPostprocessing = 0;
		};
		6D86DE842BCD373E00E6311C /* Frameworks */ = {
			isa = PBXFrameworksBuildPhase;
			buildActionMask = 2147483647;
			files = (
			);
			runOnlyForDeploymentPostprocessing = 0;
		};
/* End PBXFrameworksBuildPhase section */

/* Begin PBXGroup section */
		6D86DE642BCD373C00E6311C = {
			isa = PBXGroup;
			children = (
				6D86DE6F2BCD373C00E6311C /* MA23_MVVM */,
				6D86DE802BCD373E00E6311C /* MA23_MVVMTests */,
				6D86DE8A2BCD373E00E6311C /* MA23_MVVMUITests */,
				6D86DE6E2BCD373C00E6311C /* Products */,
			);
			sourceTree = "<group>";
		};
		6D86DE6E2BCD373C00E6311C /* Products */ = {
			isa = PBXGroup;
			children = (
				6D86DE6D2BCD373C00E6311C /* MA23_MVVM.app */,
				6D86DE7D2BCD373E00E6311C /* MA23_MVVMTests.xctest */,
				6D86DE872BCD373E00E6311C /* MA23_MVVMUITests.xctest */,
			);
			name = Products;
			sourceTree = "<group>";
		};
		6D86DE6F2BCD373C00E6311C /* MA23_MVVM */ = {
			isa = PBXGroup;
			children = (
				6D86DE702BCD373C00E6311C /* MA23_MVVMApp.swift */,
				6D86DE722BCD373C00E6311C /* ContentView.swift */,
				6D86DE742BCD373E00E6311C /* Assets.xcassets */,
				6D86DE762BCD373E00E6311C /* Preview Content */,
				6D86DE9A2BCD385400E6311C /* User.swift */,
				6D86DE9C2BCD39F400E6311C /* UsersViewModel.swift */,
				6D86DE9E2BCD695000E6311C /* UserDetailView.swift */,
				6D86DEA02BCE55B500E6311C /* UserListView.swift */,
				6D86DF122BCE72EF00E6311C /* CurrencyConverterView.swift */,
				6D86DF142BCEA27700E6311C /* CurrencyConverter.swift */,
				6D86DF162BCEA29F00E6311C /* currency.swift */,
			);
			path = MA23_MVVM;
			sourceTree = "<group>";
		};
		6D86DE762BCD373E00E6311C /* Preview Content */ = {
			isa = PBXGroup;
			children = (
				6D86DE772BCD373E00E6311C /* Preview Assets.xcassets */,
			);
			path = "Preview Content";
			sourceTree = "<group>";
		};
		6D86DE802BCD373E00E6311C /* MA23_MVVMTests */ = {
			isa = PBXGroup;
			children = (
				6D86DE812BCD373E00E6311C /* MA23_MVVMTests.swift */,
			);
			path = MA23_MVVMTests;
			sourceTree = "<group>";
		};
		6D86DE8A2BCD373E00E6311C /* MA23_MVVMUITests */ = {
			isa = PBXGroup;
			children = (
				6D86DE8B2BCD373E00E6311C /* MA23_MVVMUITests.swift */,
				6D86DE8D2BCD373E00E6311C /* MA23_MVVMUITestsLaunchTests.swift */,
			);
			path = MA23_MVVMUITests;
			sourceTree = "<group>";
		};
/* End PBXGroup section */

/* Begin PBXNativeTarget section */
		6D86DE6C2BCD373C00E6311C /* MA23_MVVM */ = {
			isa = PBXNativeTarget;
			buildConfigurationList = 6D86DE912BCD373E00E6311C /* Build configuration list for PBXNativeTarget "MA23_MVVM" */;
			buildPhases = (
				6D86DE692BCD373C00E6311C /* Sources */,
				6D86DE6A2BCD373C00E6311C /* Frameworks */,
				6D86DE6B2BCD373C00E6311C /* Resources */,
			);
			buildRules = (
			);
			dependencies = (
			);
			name = MA23_MVVM;
			productName = MA23_MVVM;
			productReference = 6D86DE6D2BCD373C00E6311C /* MA23_MVVM.app */;
			productType = "com.apple.product-type.application";
		};
		6D86DE7C2BCD373E00E6311C /* MA23_MVVMTests */ = {
			isa = PBXNativeTarget;
			buildConfigurationList = 6D86DE942BCD373E00E6311C /* Build configuration list for PBXNativeTarget "MA23_MVVMTests" */;
			buildPhases = (
				6D86DE792BCD373E00E6311C /* Sources */,
				6D86DE7A2BCD373E00E6311C /* Frameworks */,
				6D86DE7B2BCD373E00E6311C /* Resources */,
			);
			buildRules = (
			);
			dependencies = (
				6D86DE7F2BCD373E00E6311C /* PBXTargetDependency */,
			);
			name = MA23_MVVMTests;
			productName = MA23_MVVMTests;
			productReference = 6D86DE7D2BCD373E00E6311C /* MA23_MVVMTests.xctest */;
			productType = "com.apple.product-type.bundle.unit-test";
		};
		6D86DE862BCD373E00E6311C /* MA23_MVVMUITests */ = {
			isa = PBXNativeTarget;
			buildConfigurationList = 6D86DE972BCD373E00E6311C /* Build configuration list for PBXNativeTarget "MA23_MVVMUITests" */;
			buildPhases = (
				6D86DE832BCD373E00E6311C /* Sources */,
				6D86DE842BCD373E00E6311C /* Frameworks */,
				6D86DE852BCD373E00E6311C /* Resources */,
			);
			buildRules = (
			);
			dependencies = (
				6D86DE892BCD373E00E6311C /* PBXTargetDependency */,
			);
			name = MA23_MVVMUITests;
			productName = MA23_MVVMUITests;
			productReference = 6D86DE872BCD373E00E6311C /* MA23_MVVMUITests.xctest */;
			productType = "com.apple.product-type.bundle.ui-testing";
		};
/* End PBXNativeTarget section */

/* Begin PBXProject section */
		6D86DE652BCD373C00E6311C /* Project object */ = {
			isa = PBXProject;
			attributes = {
				BuildIndependentTargetsInParallel = 1;
				LastSwiftUpdateCheck = 1530;
				LastUpgradeCheck = 1530;
				TargetAttributes = {
					6D86DE6C2BCD373C00E6311C = {
						CreatedOnToolsVersion = 15.3;
					};
					6D86DE7C2BCD373E00E6311C = {
						CreatedOnToolsVersion = 15.3;
						TestTargetID = 6D86DE6C2BCD373C00E6311C;
					};
					6D86DE862BCD373E00E6311C = {
						CreatedOnToolsVersion = 15.3;
						TestTargetID = 6D86DE6C2BCD373C00E6311C;
					};
				};
			};
			buildConfigurationList = 6D86DE682BCD373C00E6311C /* Build configuration list for PBXProject "MA23_MVVM" */;
			compatibilityVersion = "Xcode 14.0";
			developmentRegion = en;
			hasScannedForEncodings = 0;
			knownRegions = (
				en,
				Base,
			);
			mainGroup = 6D86DE642BCD373C00E6311C;
			productRefGroup = 6D86DE6E2BCD373C00E6311C /* Products */;
			projectDirPath = "";
			projectRoot = "";
			targets = (
				6D86DE6C2BCD373C00E6311C /* MA23_MVVM */,
				6D86DE7C2BCD373E00E6311C /* MA23_MVVMTests */,
				6D86DE862BCD373E00E6311C /* MA23_MVVMUITests */,
			);
		};
/* End PBXProject section */

/* Begin PBXResourcesBuildPhase section */
		6D86DE6B2BCD373C00E6311C /* Resources */ = {
			isa = PBXResourcesBuildPhase;
			buildActionMask = 2147483647;
			files = (
				6D86DE782BCD373E00E6311C /* Preview Assets.xcassets in Resources */,
				6D86DE752BCD373E00E6311C /* Assets.xcassets in Resources */,
			);
			runOnlyForDeploymentPostprocessing = 0;
		};
		6D86DE7B2BCD373E00E6311C /* Resources */ = {
			isa = PBXResourcesBuildPhase;
			buildActionMask = 2147483647;
			files = (
			);
			runOnlyForDeploymentPostprocessing = 0;
		};
		6D86DE852BCD373E00E6311C /* Resources */ = {
			isa = PBXResourcesBuildPhase;
			buildActionMask = 2147483647;
			files = (
			);
			runOnlyForDeploymentPostprocessing = 0;
		};
/* End PBXResourcesBuildPhase section */

/* Begin PBXSourcesBuildPhase section */
		6D86DE692BCD373C00E6311C /* Sources */ = {
			isa = PBXSourcesBuildPhase;
			buildActionMask = 2147483647;
			files = (
				6D86DE732BCD373C00E6311C /* ContentView.swift in Sources */,
				6D86DF132BCE72EF00E6311C /* CurrencyConverterView.swift in Sources */,
				6D86DEA12BCE55B500E6311C /* UserListView.swift in Sources */,
				6D86DE9D2BCD39F400E6311C /* UsersViewModel.swift in Sources */,
				6D86DE712BCD373C00E6311C /* MA23_MVVMApp.swift in Sources */,
				6D86DF152BCEA27700E6311C /* CurrencyConverter.swift in Sources */,
				6D86DE9F2BCD695000E6311C /* UserDetailView.swift in Sources */,
				6D86DE9B2BCD385400E6311C /* User.swift in Sources */,
				6D86DF172BCEA29F00E6311C /* currency.swift in Sources */,
			);
			runOnlyForDeploymentPostprocessing = 0;
		};
		6D86DE792BCD373E00E6311C /* Sources */ = {
			isa = PBXSourcesBuildPhase;
			buildActionMask = 2147483647;
			files = (
				6D86DE822BCD373E00E6311C /* MA23_MVVMTests.swift in Sources */,
			);
			runOnlyForDeploymentPostprocessing = 0;
		};
		6D86DE832BCD373E00E6311C /* Sources */ = {
			isa = PBXSourcesBuildPhase;
			buildActionMask = 2147483647;
			files = (
				6D86DE8C2BCD373E00E6311C /* MA23_MVVMUITests.swift in Sources */,
				6D86DE8E2BCD373E00E6311C /* MA23_MVVMUITestsLaunchTests.swift in Sources */,
			);
			runOnlyForDeploymentPostprocessing = 0;
		};
/* End PBXSourcesBuildPhase section */

/* Begin PBXTargetDependency section */
		6D86DE7F2BCD373E00E6311C /* PBXTargetDependency */ = {
			isa = PBXTargetDependency;
			target = 6D86DE6C2BCD373C00E6311C /* MA23_MVVM */;
			targetProxy = 6D86DE7E2BCD373E00E6311C /* PBXContainerItemProxy */;
		};
		6D86DE892BCD373E00E6311C /* PBXTargetDependency */ = {
			isa = PBXTargetDependency;
			target = 6D86DE6C2BCD373C00E6311C /* MA23_MVVM */;
			targetProxy = 6D86DE882BCD373E00E6311C /* PBXContainerItemProxy */;
		};
/* End PBXTargetDependency section */

/* Begin XCBuildConfiguration section */
		6D86DE8F2BCD373E00E6311C /* Debug */ = {
			isa = XCBuildConfiguration;
			buildSettings = {
				ALWAYS_SEARCH_USER_PATHS = NO;
				ASSETCATALOG_COMPILER_GENERATE_SWIFT_ASSET_SYMBOL_EXTENSIONS = YES;
				CLANG_ANALYZER_NONNULL = YES;
				CLANG_ANALYZER_NUMBER_OBJECT_CONVERSION = YES_AGGRESSIVE;
				CLANG_CXX_LANGUAGE_STANDARD = "gnu++20";
				CLANG_ENABLE_MODULES = YES;
				CLANG_ENABLE_OBJC_ARC = YES;
				CLANG_ENABLE_OBJC_WEAK = YES;
				CLANG_WARN_BLOCK_CAPTURE_AUTORELEASING = YES;
				CLANG_WARN_BOOL_CONVERSION = YES;
				CLANG_WARN_COMMA = YES;
				CLANG_WARN_CONSTANT_CONVERSION = YES;
				CLANG_WARN_DEPRECATED_OBJC_IMPLEMENTATIONS = YES;
				CLANG_WARN_DIRECT_OBJC_ISA_USAGE = YES_ERROR;
				CLANG_WARN_DOCUMENTATION_COMMENTS = YES;
				CLANG_WARN_EMPTY_BODY = YES;
				CLANG_WARN_ENUM_CONVERSION = YES;
				CLANG_WARN_INFINITE_RECURSION = YES;
				CLANG_WARN_INT_CONVERSION = YES;
				CLANG_WARN_NON_LITERAL_NULL_CONVERSION = YES;
				CLANG_WARN_OBJC_IMPLICIT_RETAIN_SELF = YES;
				CLANG_WARN_OBJC_LITERAL_CONVERSION = YES;
				CLANG_WARN_OBJC_ROOT_CLASS = YES_ERROR;
				CLANG_WARN_QUOTED_INCLUDE_IN_FRAMEWORK_HEADER = YES;
				CLANG_WARN_RANGE_LOOP_ANALYSIS = YES;
				CLANG_WARN_STRICT_PROTOTYPES = YES;
				CLANG_WARN_SUSPICIOUS_MOVE = YES;
				CLANG_WARN_UNGUARDED_AVAILABILITY = YES_AGGRESSIVE;
				CLANG_WARN_UNREACHABLE_CODE = YES;
				CLANG_WARN__DUPLICATE_METHOD_MATCH = YES;
				COPY_PHASE_STRIP = NO;
				DEBUG_INFORMATION_FORMAT = dwarf;
				ENABLE_STRICT_OBJC_MSGSEND = YES;
				ENABLE_TESTABILITY = YES;
				ENABLE_USER_SCRIPT_SANDBOXING = YES;
				GCC_C_LANGUAGE_STANDARD = gnu17;
				GCC_DYNAMIC_NO_PIC = NO;
				GCC_NO_COMMON_BLOCKS = YES;
				GCC_OPTIMIZATION_LEVEL = 0;
				GCC_PREPROCESSOR_DEFINITIONS = (
					"DEBUG=1",
					"$(inherited)",
				);
				GCC_WARN_64_TO_32_BIT_CONVERSION = YES;
				GCC_WARN_ABOUT_RETURN_TYPE = YES_ERROR;
				GCC_WARN_UNDECLARED_SELECTOR = YES;
				GCC_WARN_UNINITIALIZED_AUTOS = YES_AGGRESSIVE;
				GCC_WARN_UNUSED_FUNCTION = YES;
				GCC_WARN_UNUSED_VARIABLE = YES;
				IPHONEOS_DEPLOYMENT_TARGET = 17.4;
				LOCALIZATION_PREFERS_STRING_CATALOGS = YES;
				MTL_ENABLE_DEBUG_INFO = INCLUDE_SOURCE;
				MTL_FAST_MATH = YES;
				ONLY_ACTIVE_ARCH = YES;
				SDKROOT = iphoneos;
				SWIFT_ACTIVE_COMPILATION_CONDITIONS = "DEBUG $(inherited)";
				SWIFT_OPTIMIZATION_LEVEL = "-Onone";
			};
			name = Debug;
		};
		6D86DE902BCD373E00E6311C /* Release */ = {
			isa = XCBuildConfiguration;
			buildSettings = {
				ALWAYS_SEARCH_USER_PATHS = NO;
				ASSETCATALOG_COMPILER_GENERATE_SWIFT_ASSET_SYMBOL_EXTENSIONS = YES;
				CLANG_ANALYZER_NONNULL = YES;
				CLANG_ANALYZER_NUMBER_OBJECT_CONVERSION = YES_AGGRESSIVE;
				CLANG_CXX_LANGUAGE_STANDARD = "gnu++20";
				CLANG_ENABLE_MODULES = YES;
				CLANG_ENABLE_OBJC_ARC = YES;
				CLANG_ENABLE_OBJC_WEAK = YES;
				CLANG_WARN_BLOCK_CAPTURE_AUTORELEASING = YES;
				CLANG_WARN_BOOL_CONVERSION = YES;
				CLANG_WARN_COMMA = YES;
				CLANG_WARN_CONSTANT_CONVERSION = YES;
				CLANG_WARN_DEPRECATED_OBJC_IMPLEMENTATIONS = YES;
				CLANG_WARN_DIRECT_OBJC_ISA_USAGE = YES_ERROR;
				CLANG_WARN_DOCUMENTATION_COMMENTS = YES;
				CLANG_WARN_EMPTY_BODY = YES;
				CLANG_WARN_ENUM_CONVERSION = YES;
				CLANG_WARN_INFINITE_RECURSION = YES;
				CLANG_WARN_INT_CONVERSION = YES;
				CLANG_WARN_NON_LITERAL_NULL_CONVERSION = YES;
				CLANG_WARN_OBJC_IMPLICIT_RETAIN_SELF = YES;
				CLANG_WARN_OBJC_LITERAL_CONVERSION = YES;
				CLANG_WARN_OBJC_ROOT_CLASS = YES_ERROR;
				CLANG_WARN_QUOTED_INCLUDE_IN_FRAMEWORK_HEADER = YES;
				CLANG_WARN_RANGE_LOOP_ANALYSIS = YES;
				CLANG_WARN_STRICT_PROTOTYPES = YES;
				CLANG_WARN_SUSPICIOUS_MOVE = YES;
				CLANG_WARN_UNGUARDED_AVAILABILITY = YES_AGGRESSIVE;
				CLANG_WARN_UNREACHABLE_CODE = YES;
				CLANG_WARN__DUPLICATE_METHOD_MATCH = YES;
				COPY_PHASE_STRIP = NO;
				DEBUG_INFORMATION_FORMAT = "dwarf-with-dsym";
				ENABLE_NS_ASSERTIONS = NO;
				ENABLE_STRICT_OBJC_MSGSEND = YES;
				ENABLE_USER_SCRIPT_SANDBOXING = YES;
				GCC_C_LANGUAGE_STANDARD = gnu17;
				GCC_NO_COMMON_BLOCKS = YES;
				GCC_WARN_64_TO_32_BIT_CONVERSION = YES;
				GCC_WARN_ABOUT_RETURN_TYPE = YES_ERROR;
				GCC_WARN_UNDECLARED_SELECTOR = YES;
				GCC_WARN_UNINITIALIZED_AUTOS = YES_AGGRESSIVE;
				GCC_WARN_UNUSED_FUNCTION = YES;
				GCC_WARN_UNUSED_VARIABLE = YES;
				IPHONEOS_DEPLOYMENT_TARGET = 17.4;
				LOCALIZATION_PREFERS_STRING_CATALOGS = YES;
				MTL_ENABLE_DEBUG_INFO = NO;
				MTL_FAST_MATH = YES;
				SDKROOT = iphoneos;
				SWIFT_COMPILATION_MODE = wholemodule;
				VALIDATE_PRODUCT = YES;
			};
			name = Release;
		};
		6D86DE922BCD373E00E6311C /* Debug */ = {
			isa = XCBuildConfiguration;
			buildSettings = {
				ASSETCATALOG_COMPILER_APPICON_NAME = AppIcon;
				ASSETCATALOG_COMPILER_GLOBAL_ACCENT_COLOR_NAME = AccentColor;
				CODE_SIGN_STYLE = Automatic;
				CURRENT_PROJECT_VERSION = 1;
				DEVELOPMENT_ASSET_PATHS = "\"MA23_MVVM/Preview Content\"";
				ENABLE_PREVIEWS = YES;
				GENERATE_INFOPLIST_FILE = YES;
				INFOPLIST_KEY_UIApplicationSceneManifest_Generation = YES;
				INFOPLIST_KEY_UIApplicationSupportsIndirectInputEvents = YES;
				INFOPLIST_KEY_UILaunchScreen_Generation = YES;
				INFOPLIST_KEY_UISupportedInterfaceOrientations_iPad = "UIInterfaceOrientationPortrait UIInterfaceOrientationPortraitUpsideDown UIInterfaceOrientationLandscapeLeft UIInterfaceOrientationLandscapeRight";
				INFOPLIST_KEY_UISupportedInterfaceOrientations_iPhone = "UIInterfaceOrientationPortrait UIInterfaceOrientationLandscapeLeft UIInterfaceOrientationLandscapeRight";
				LD_RUNPATH_SEARCH_PATHS = (
					"$(inherited)",
					"@executable_path/Frameworks",
				);
				MARKETING_VERSION = 1.0;
				PRODUCT_BUNDLE_IDENTIFIER = "me.thun.kristian.MA23-MVVM";
				PRODUCT_NAME = "$(TARGET_NAME)";
				SWIFT_EMIT_LOC_STRINGS = YES;
				SWIFT_VERSION = 5.0;
				TARGETED_DEVICE_FAMILY = "1,2";
			};
			name = Debug;
		};
		6D86DE932BCD373E00E6311C /* Release */ = {
			isa = XCBuildConfiguration;
			buildSettings = {
				ASSETCATALOG_COMPILER_APPICON_NAME = AppIcon;
				ASSETCATALOG_COMPILER_GLOBAL_ACCENT_COLOR_NAME = AccentColor;
				CODE_SIGN_STYLE = Automatic;
				CURRENT_PROJECT_VERSION = 1;
				DEVELOPMENT_ASSET_PATHS = "\"MA23_MVVM/Preview Content\"";
				ENABLE_PREVIEWS = YES;
				GENERATE_INFOPLIST_FILE = YES;
				INFOPLIST_KEY_UIApplicationSceneManifest_Generation = YES;
				INFOPLIST_KEY_UIApplicationSupportsIndirectInputEvents = YES;
				INFOPLIST_KEY_UILaunchScreen_Generation = YES;
				INFOPLIST_KEY_UISupportedInterfaceOrientations_iPad = "UIInterfaceOrientationPortrait UIInterfaceOrientationPortraitUpsideDown UIInterfaceOrientationLandscapeLeft UIInterfaceOrientationLandscapeRight";
				INFOPLIST_KEY_UISupportedInterfaceOrientations_iPhone = "UIInterfaceOrientationPortrait UIInterfaceOrientationLandscapeLeft UIInterfaceOrientationLandscapeRight";
				LD_RUNPATH_SEARCH_PATHS = (
					"$(inherited)",
					"@executable_path/Frameworks",
				);
				MARKETING_VERSION = 1.0;
				PRODUCT_BUNDLE_IDENTIFIER = "me.thun.kristian.MA23-MVVM";
				PRODUCT_NAME = "$(TARGET_NAME)";
				SWIFT_EMIT_LOC_STRINGS = YES;
				SWIFT_VERSION = 5.0;
				TARGETED_DEVICE_FAMILY = "1,2";
			};
			name = Release;
		};
		6D86DE952BCD373E00E6311C /* Debug */ = {
			isa = XCBuildConfiguration;
			buildSettings = {
				ALWAYS_EMBED_SWIFT_STANDARD_LIBRARIES = YES;
				BUNDLE_LOADER = "$(TEST_HOST)";
				CODE_SIGN_STYLE = Automatic;
				CURRENT_PROJECT_VERSION = 1;
				GENERATE_INFOPLIST_FILE = YES;
				IPHONEOS_DEPLOYMENT_TARGET = 17.4;
				MARKETING_VERSION = 1.0;
				PRODUCT_BUNDLE_IDENTIFIER = "me.thun.kristian.MA23-MVVMTests";
				PRODUCT_NAME = "$(TARGET_NAME)";
				SWIFT_EMIT_LOC_STRINGS = NO;
				SWIFT_VERSION = 5.0;
				TARGETED_DEVICE_FAMILY = "1,2";
				TEST_HOST = "$(BUILT_PRODUCTS_DIR)/MA23_MVVM.app/$(BUNDLE_EXECUTABLE_FOLDER_PATH)/MA23_MVVM";
			};
			name = Debug;
		};
		6D86DE962BCD373E00E6311C /* Release */ = {
			isa = XCBuildConfiguration;
			buildSettings = {
				ALWAYS_EMBED_SWIFT_STANDARD_LIBRARIES = YES;
				BUNDLE_LOADER = "$(TEST_HOST)";
				CODE_SIGN_STYLE = Automatic;
				CURRENT_PROJECT_VERSION = 1;
				GENERATE_INFOPLIST_FILE = YES;
				IPHONEOS_DEPLOYMENT_TARGET = 17.4;
				MARKETING_VERSION = 1.0;
				PRODUCT_BUNDLE_IDENTIFIER = "me.thun.kristian.MA23-MVVMTests";
				PRODUCT_NAME = "$(TARGET_NAME)";
				SWIFT_EMIT_LOC_STRINGS = NO;
				SWIFT_VERSION = 5.0;
				TARGETED_DEVICE_FAMILY = "1,2";
				TEST_HOST = "$(BUILT_PRODUCTS_DIR)/MA23_MVVM.app/$(BUNDLE_EXECUTABLE_FOLDER_PATH)/MA23_MVVM";
			};
			name = Release;
		};
		6D86DE982BCD373E00E6311C /* Debug */ = {
			isa = XCBuildConfiguration;
			buildSettings = {
				ALWAYS_EMBED_SWIFT_STANDARD_LIBRARIES = YES;
				CODE_SIGN_STYLE = Automatic;
				CURRENT_PROJECT_VERSION = 1;
				GENERATE_INFOPLIST_FILE = YES;
				MARKETING_VERSION = 1.0;
				PRODUCT_BUNDLE_IDENTIFIER = "me.thun.kristian.MA23-MVVMUITests";
				PRODUCT_NAME = "$(TARGET_NAME)";
				SWIFT_EMIT_LOC_STRINGS = NO;
				SWIFT_VERSION = 5.0;
				TARGETED_DEVICE_FAMILY = "1,2";
				TEST_TARGET_NAME = MA23_MVVM;
			};
			name = Debug;
		};
		6D86DE992BCD373E00E6311C /* Release */ = {
			isa = XCBuildConfiguration;
			buildSettings = {
				ALWAYS_EMBED_SWIFT_STANDARD_LIBRARIES = YES;
				CODE_SIGN_STYLE = Automatic;
				CURRENT_PROJECT_VERSION = 1;
				GENERATE_INFOPLIST_FILE = YES;
				MARKETING_VERSION = 1.0;
				PRODUCT_BUNDLE_IDENTIFIER = "me.thun.kristian.MA23-MVVMUITests";
				PRODUCT_NAME = "$(TARGET_NAME)";
				SWIFT_EMIT_LOC_STRINGS = NO;
				SWIFT_VERSION = 5.0;
				TARGETED_DEVICE_FAMILY = "1,2";
				TEST_TARGET_NAME = MA23_MVVM;
			};
			name = Release;
		};
/* End XCBuildConfiguration section */

/* Begin XCConfigurationList section */
		6D86DE682BCD373C00E6311C /* Build configuration list for PBXProject "MA23_MVVM" */ = {
			isa = XCConfigurationList;
			buildConfigurations = (
				6D86DE8F2BCD373E00E6311C /* Debug */,
				6D86DE902BCD373E00E6311C /* Release */,
			);
			defaultConfigurationIsVisible = 0;
			defaultConfigurationName = Release;
		};
		6D86DE912BCD373E00E6311C /* Build configuration list for PBXNativeTarget "MA23_MVVM" */ = {
			isa = XCConfigurationList;
			buildConfigurations = (
				6D86DE922BCD373E00E6311C /* Debug */,
				6D86DE932BCD373E00E6311C /* Release */,
			);
			defaultConfigurationIsVisible = 0;
			defaultConfigurationName = Release;
		};
		6D86DE942BCD373E00E6311C /* Build configuration list for PBXNativeTarget "MA23_MVVMTests" */ = {
			isa = XCConfigurationList;
			buildConfigurations = (
				6D86DE952BCD373E00E6311C /* Debug */,
				6D86DE962BCD373E00E6311C /* Release */,
			);
			defaultConfigurationIsVisible = 0;
			defaultConfigurationName = Release;
		};
		6D86DE972BCD373E00E6311C /* Build configuration list for PBXNativeTarget "MA23_MVVMUITests" */ = {
			isa = XCConfigurationList;
			buildConfigurations = (
				6D86DE982BCD373E00E6311C /* Debug */,
				6D86DE992BCD373E00E6311C /* Release */,
			);
			defaultConfigurationIsVisible = 0;
			defaultConfigurationName = Release;
		};
/* End XCConfigurationList section */
	};
	rootObject = 6D86DE652BCD373C00E6311C /* Project object */;
}
